
Microsoft Visual Studio Solution File, Format Version 12.00
# Visual Studio 15
VisualStudioVersion = 15.0.28010.2041
MinimumVisualStudioVersion = 10.0.40219.1
Project("{9A19103F-16F7-4668-BE54-9A1E7A4F7556}") = "AdoNetSafeGet", "AdoNetSafeGet\AdoNetSafeGet.csproj", "{30D66353-56B9-4D69-845C-6DD13801D711}"
EndProject
Project("{FAE04EC0-301F-11D3-BF4B-00C04F79EFBC}") = "AdoNetSafeGet.Tests", "AdoNetSafeGet.Tests\AdoNetSafeGet.Tests.csproj", "{CEAA55E8-B515-4461-8F7B-A93C984F901B}"
EndProject
Global
	GlobalSection(SolutionConfigurationPlatforms) = preSolution
		Debug|Any CPU = Debug|Any CPU
		Release|Any CPU = Release|Any CPU
	EndGlobalSection
	GlobalSection(ProjectConfigurationPlatforms) = postSolution
		{30D66353-56B9-4D69-845C-6DD13801D711}.Debug|Any CPU.ActiveCfg = Debug|Any CPU
		{30D66353-56B9-4D69-845C-6DD13801D711}.Debug|Any CPU.Build.0 = Debug|Any CPU
		{30D66353-56B9-4D69-845C-6DD13801D711}.Release|Any CPU.ActiveCfg = Release|Any CPU
		{30D66353-56B9-4D69-845C-6DD13801D711}.Release|Any CPU.Build.0 = Release|Any CPU
		{CEAA55E8-B515-4461-8F7B-A93C984F901B}.Debug|Any CPU.ActiveCfg = Debug|Any CPU
		{CEAA55E8-B515-4461-8F7B-A93C984F901B}.Debug|Any CPU.Build.0 = Debug|Any CPU
		{CEAA55E8-B515-4461-8F7B-A93C984F901B}.Release|Any CPU.ActiveCfg = Release|Any CPU
		{CEAA55E8-B515-4461-8F7B-A93C984F901B}.Release|Any CPU.Build.0 = Release|Any CPU
	EndGlobalSection
	GlobalSection(SolutionProperties) = preSolution
		HideSolutionNode = FALSE
	EndGlobalSection
	GlobalSection(ExtensibilityGlobals) = postSolution
		SolutionGuid = {64D85A71-7DC5-4785-BCFB-BDA28BA49D44}
	EndGlobalSection
EndGlobal
